
Microsoft Visual Studio Solution File, Format Version 12.00
# Visual Studio Version 16
VisualStudioVersion = 16.0.32630.194
MinimumVisualStudioVersion = 10.0.40219.1
Project("{9A19103F-16F7-4668-BE54-9A1E7A4F7556}") = "OscalertSvc", "OscalertSvc.csproj", "{F9967F74-1D5D-4EC8-BCF3-6BAA267128BB}"
	ProjectSection(ProjectDependencies) = postProject
		{A20C347B-5154-47B9-A275-36157BF73352} = {A20C347B-5154-47B9-A275-36157BF73352}
		{24557AC7-3C17-4149-9A5D-E920A4C5A0E5} = {24557AC7-3C17-4149-9A5D-E920A4C5A0E5}
	EndProjectSection
EndProject
Project("{2150E333-8FDC-42A3-9474-1A3956D46DE8}") = "Solution Items", "Solution Items", "{82CB75CF-779C-421D-ADC7-708143E0F097}"
	ProjectSection(SolutionItems) = preProject
		.editorconfig = .editorconfig
	EndProjectSection
EndProject
Project("{FAE04EC0-301F-11D3-BF4B-00C04F79EFBC}") = "ki", "..\..\..\SANDBOX\kveo-it-project\foundation\dotnet\ki\ki.csproj", "{A20C347B-5154-47B9-A275-36157BF73352}"
EndProject
Project("{FAE04EC0-301F-11D3-BF4B-00C04F79EFBC}") = "oscalib", "..\..\..\SANDBOX\kveo-it-project\oscalib\oscalib.csproj", "{24557AC7-3C17-4149-9A5D-E920A4C5A0E5}"
EndProject
Global
	GlobalSection(SolutionConfigurationPlatforms) = preSolution
		Debug|Any CPU = Debug|Any CPU
		Release|Any CPU = Release|Any CPU
	EndGlobalSection
	GlobalSection(ProjectConfigurationPlatforms) = postSolution
		{F9967F74-1D5D-4EC8-BCF3-6BAA267128BB}.Debug|Any CPU.ActiveCfg = Debug|Any CPU
		{F9967F74-1D5D-4EC8-BCF3-6BAA267128BB}.Debug|Any CPU.Build.0 = Debug|Any CPU
		{F9967F74-1D5D-4EC8-BCF3-6BAA267128BB}.Release|Any CPU.ActiveCfg = Release|Any CPU
		{F9967F74-1D5D-4EC8-BCF3-6BAA267128BB}.Release|Any CPU.Build.0 = Release|Any CPU
		{A20C347B-5154-47B9-A275-36157BF73352}.Debug|Any CPU.ActiveCfg = Debug|Any CPU
		{A20C347B-5154-47B9-A275-36157BF73352}.Debug|Any CPU.Build.0 = Debug|Any CPU
		{A20C347B-5154-47B9-A275-36157BF73352}.Release|Any CPU.ActiveCfg = Release|Any CPU
		{A20C347B-5154-47B9-A275-36157BF73352}.Release|Any CPU.Build.0 = Release|Any CPU
		{24557AC7-3C17-4149-9A5D-E920A4C5A0E5}.Debug|Any CPU.ActiveCfg = Debug|Any CPU
		{24557AC7-3C17-4149-9A5D-E920A4C5A0E5}.Debug|Any CPU.Build.0 = Debug|Any CPU
		{24557AC7-3C17-4149-9A5D-E920A4C5A0E5}.Release|Any CPU.ActiveCfg = Release|Any CPU
		{24557AC7-3C17-4149-9A5D-E920A4C5A0E5}.Release|Any CPU.Build.0 = Release|Any CPU
	EndGlobalSection
	GlobalSection(SolutionProperties) = preSolution
		HideSolutionNode = FALSE
	EndGlobalSection
	GlobalSection(ExtensibilityGlobals) = postSolution
		SolutionGuid = {71BAD4C4-6435-479A-B3F7-411BA5F20929}
	EndGlobalSection
EndGlobal
